
Microsoft Visual Studio Solution File, Format Version 12.00
# Visual Studio 2012
Project("{FAE04EC0-301F-11D3-BF4B-00C04F79EFBC}") = "ExtendedRandom", "ExtendedRandom\ExtendedRandom.csproj", "{2C85FE77-E889-4088-874C-AB5F6072AF55}"
EndProject
Project("{FAE04EC0-301F-11D3-BF4B-00C04F79EFBC}") = "ExtendedRandomUnitTest", "ExtendedRandomUnitTest\ExtendedRandomUnitTest.csproj", "{C0C63F7E-9503-43FF-8278-048023E24AFC}"
EndProject
Global
	GlobalSection(SolutionConfigurationPlatforms) = preSolution
		Debug|Any CPU = Debug|Any CPU
		Release|Any CPU = Release|Any CPU
	EndGlobalSection
	GlobalSection(ProjectConfigurationPlatforms) = postSolution
		{2C85FE77-E889-4088-874C-AB5F6072AF55}.Debug|Any CPU.ActiveCfg = Debug|Any CPU
		{2C85FE77-E889-4088-874C-AB5F6072AF55}.Debug|Any CPU.Build.0 = Debug|Any CPU
		{2C85FE77-E889-4088-874C-AB5F6072AF55}.Release|Any CPU.ActiveCfg = Release|Any CPU
		{2C85FE77-E889-4088-874C-AB5F6072AF55}.Release|Any CPU.Build.0 = Release|Any CPU
		{C0C63F7E-9503-43FF-8278-048023E24AFC}.Debug|Any CPU.ActiveCfg = Debug|Any CPU
		{C0C63F7E-9503-43FF-8278-048023E24AFC}.Debug|Any CPU.Build.0 = Debug|Any CPU
		{C0C63F7E-9503-43FF-8278-048023E24AFC}.Release|Any CPU.ActiveCfg = Release|Any CPU
		{C0C63F7E-9503-43FF-8278-048023E24AFC}.Release|Any CPU.Build.0 = Release|Any CPU
	EndGlobalSection
	GlobalSection(SolutionProperties) = preSolution
		HideSolutionNode = FALSE
	EndGlobalSection
EndGlobal
